// !$*UTF8*$!
{
	archiveVersion = 1;
	classes = {
	};
	objectVersion = 50;
	objects = {

/* Begin PBXBuildFile section */
		648C86302609D96100467652 /* AppDelegate.swift in Sources */ = {isa = PBXBuildFile; fileRef = 648C862F2609D96100467652 /* AppDelegate.swift */; };
		648C86392609D96200467652 /* Assets.xcassets in Resources */ = {isa = PBXBuildFile; fileRef = 648C86382609D96200467652 /* Assets.xcassets */; };
		648C863C2609D96200467652 /* LaunchScreen.storyboard in Resources */ = {isa = PBXBuildFile; fileRef = 648C863A2609D96200467652 /* LaunchScreen.storyboard */; };
		648C864D2609D9C200467652 /* YYBaseViewController.swift in Sources */ = {isa = PBXBuildFile; fileRef = 648C864C2609D9C200467652 /* YYBaseViewController.swift */; };
		648C86512609D9E100467652 /* YDBaseNavigationController.swift in Sources */ = {isa = PBXBuildFile; fileRef = 648C86502609D9E100467652 /* YDBaseNavigationController.swift */; };
		648C86542609D9EA00467652 /* YDBaseTabbarController.swift in Sources */ = {isa = PBXBuildFile; fileRef = 648C86532609D9EA00467652 /* YDBaseTabbarController.swift */; };
		648C86582609DAC100467652 /* YDHomeViewController.swift in Sources */ = {isa = PBXBuildFile; fileRef = 648C86572609DAC100467652 /* YDHomeViewController.swift */; };
		648C865B2609DAC900467652 /* YYMineViewController.swift in Sources */ = {isa = PBXBuildFile; fileRef = 648C865A2609DAC900467652 /* YYMineViewController.swift */; };
/* End PBXBuildFile section */

/* Begin PBXFileReference section */
		648C862C2609D96100467652 /* FirstSwiftDemo.app */ = {isa = PBXFileReference; explicitFileType = wrapper.application; includeInIndex = 0; path = FirstSwiftDemo.app; sourceTree = BUILT_PRODUCTS_DIR; };
		648C862F2609D96100467652 /* AppDelegate.swift */ = {isa = PBXFileReference; lastKnownFileType = sourcecode.swift; path = AppDelegate.swift; sourceTree = "<group>"; };
		648C86382609D96200467652 /* Assets.xcassets */ = {isa = PBXFileReference; lastKnownFileType = folder.assetcatalog; path = Assets.xcassets; sourceTree = "<group>"; };
		648C863B2609D96200467652 /* Base */ = {isa = PBXFileReference; lastKnownFileType = file.storyboard; name = Base; path = Base.lproj/LaunchScreen.storyboard; sourceTree = "<group>"; };
		648C863D2609D96200467652 /* Info.plist */ = {isa = PBXFileReference; lastKnownFileType = text.plist.xml; path = Info.plist; sourceTree = "<group>"; };
		648C864C2609D9C200467652 /* YYBaseViewController.swift */ = {isa = PBXFileReference; lastKnownFileType = sourcecode.swift; path = YYBaseViewController.swift; sourceTree = "<group>"; };
		648C86502609D9E100467652 /* YDBaseNavigationController.swift */ = {isa = PBXFileReference; lastKnownFileType = sourcecode.swift; path = YDBaseNavigationController.swift; sourceTree = "<group>"; };
		648C86532609D9EA00467652 /* YDBaseTabbarController.swift */ = {isa = PBXFileReference; lastKnownFileType = sourcecode.swift; path = YDBaseTabbarController.swift; sourceTree = "<group>"; };
		648C86572609DAC100467652 /* YDHomeViewController.swift */ = {isa = PBXFileReference; lastKnownFileType = sourcecode.swift; path = YDHomeViewController.swift; sourceTree = "<group>"; };
		648C865A2609DAC900467652 /* YYMineViewController.swift */ = {isa = PBXFileReference; lastKnownFileType = sourcecode.swift; path = YYMineViewController.swift; sourceTree = "<group>"; };
/* End PBXFileReference section */

/* Begin PBXFrameworksBuildPhase section */
		648C86292609D96100467652 /* Frameworks */ = {
			isa = PBXFrameworksBuildPhase;
			buildActionMask = 2147483647;
			files = (
			);
			runOnlyForDeploymentPostprocessing = 0;
		};
/* End PBXFrameworksBuildPhase section */

/* Begin PBXGroup section */
		648C86232609D96100467652 = {
			isa = PBXGroup;
			children = (
				648C862E2609D96100467652 /* FirstSwiftDemo */,
				648C862D2609D96100467652 /* Products */,
			);
			sourceTree = "<group>";
		};
		648C862D2609D96100467652 /* Products */ = {
			isa = PBXGroup;
			children = (
				648C862C2609D96100467652 /* FirstSwiftDemo.app */,
			);
			name = Products;
			sourceTree = "<group>";
		};
		648C862E2609D96100467652 /* FirstSwiftDemo */ = {
			isa = PBXGroup;
			children = (
				648C863D2609D96200467652 /* Info.plist */,
				648C864B2609D9AB00467652 /* Mine */,
				648C864A2609D9A700467652 /* Home */,
				648C86492609D99500467652 /* Appdelegate */,
				648C86482609D99200467652 /* BaseView */,
			);
			path = FirstSwiftDemo;
			sourceTree = "<group>";
		};
		648C86482609D99200467652 /* BaseView */ = {
			isa = PBXGroup;
			children = (
				648C864C2609D9C200467652 /* YYBaseViewController.swift */,
				648C86502609D9E100467652 /* YDBaseNavigationController.swift */,
				648C86532609D9EA00467652 /* YDBaseTabbarController.swift */,
			);
			path = BaseView;
			sourceTree = "<group>";
		};
		648C86492609D99500467652 /* Appdelegate */ = {
			isa = PBXGroup;
			children = (
				648C862F2609D96100467652 /* AppDelegate.swift */,
				648C86382609D96200467652 /* Assets.xcassets */,
				648C863A2609D96200467652 /* LaunchScreen.storyboard */,
			);
			path = Appdelegate;
			sourceTree = "<group>";
		};
		648C864A2609D9A700467652 /* Home */ = {
			isa = PBXGroup;
			children = (
				648C86572609DAC100467652 /* YDHomeViewController.swift */,
			);
			path = Home;
			sourceTree = "<group>";
		};
		648C864B2609D9AB00467652 /* Mine */ = {
			isa = PBXGroup;
			children = (
				648C865A2609DAC900467652 /* YYMineViewController.swift */,
			);
			path = Mine;
			sourceTree = "<group>";
		};
/* End PBXGroup section */

/* Begin PBXNativeTarget section */
		648C862B2609D96100467652 /* FirstSwiftDemo */ = {
			isa = PBXNativeTarget;
			buildConfigurationList = 648C86402609D96200467652 /* Build configuration list for PBXNativeTarget "FirstSwiftDemo" */;
			buildPhases = (
				648C86282609D96100467652 /* Sources */,
				648C86292609D96100467652 /* Frameworks */,
				648C862A2609D96100467652 /* Resources */,
			);
			buildRules = (
			);
			dependencies = (
			);
			name = FirstSwiftDemo;
			productName = FirstSwiftDemo;
			productReference = 648C862C2609D96100467652 /* FirstSwiftDemo.app */;
			productType = "com.apple.product-type.application";
		};
/* End PBXNativeTarget section */

/* Begin PBXProject section */
		648C86242609D96100467652 /* Project object */ = {
			isa = PBXProject;
			attributes = {
				LastSwiftUpdateCheck = 1240;
				LastUpgradeCheck = 1240;
				TargetAttributes = {
					648C862B2609D96100467652 = {
						CreatedOnToolsVersion = 12.4;
					};
				};
			};
			buildConfigurationList = 648C86272609D96100467652 /* Build configuration list for PBXProject "FirstSwiftDemo" */;
			compatibilityVersion = "Xcode 9.3";
			developmentRegion = en;
			hasScannedForEncodings = 0;
			knownRegions = (
				en,
				Base,
			);
			mainGroup = 648C86232609D96100467652;
			productRefGroup = 648C862D2609D96100467652 /* Products */;
			projectDirPath = "";
			projectRoot = "";
			targets = (
				648C862B2609D96100467652 /* FirstSwiftDemo */,
			);
		};
/* End PBXProject section */

/* Begin PBXResourcesBuildPhase section */
		648C862A2609D96100467652 /* Resources */ = {
			isa = PBXResourcesBuildPhase;
			buildActionMask = 2147483647;
			files = (
				648C863C2609D96200467652 /* LaunchScreen.storyboard in Resources */,
				648C86392609D96200467652 /* Assets.xcassets in Resources */,
			);
			runOnlyForDeploymentPostprocessing = 0;
		};
/* End PBXResourcesBuildPhase section */

/* Begin PBXSourcesBuildPhase section */
		648C86282609D96100467652 /* Sources */ = {
			isa = PBXSourcesBuildPhase;
			buildActionMask = 2147483647;
			files = (
				648C86582609DAC100467652 /* YDHomeViewController.swift in Sources */,
				648C86302609D96100467652 /* AppDelegate.swift in Sources */,
				648C86512609D9E100467652 /* YDBaseNavigationController.swift in Sources */,
				648C864D2609D9C200467652 /* YYBaseViewController.swift in Sources */,
				648C86542609D9EA00467652 /* YDBaseTabbarController.swift in Sources */,
				648C865B2609DAC900467652 /* YYMineViewController.swift in Sources */,
			);
			runOnlyForDeploymentPostprocessing = 0;
		};
/* End PBXSourcesBuildPhase section */

/* Begin PBXVariantGroup section */
		648C863A2609D96200467652 /* LaunchScreen.storyboard */ = {
			isa = PBXVariantGroup;
			children = (
				648C863B2609D96200467652 /* Base */,
			);
			name = LaunchScreen.storyboard;
			sourceTree = "<group>";
		};
/* End PBXVariantGroup section */

/* Begin XCBuildConfiguration section */
		648C863E2609D96200467652 /* Debug */ = {
			isa = XCBuildConfiguration;
			buildSettings = {
				ALWAYS_SEARCH_USER_PATHS = NO;
				CLANG_ANALYZER_NONNULL = YES;
				CLANG_ANALYZER_NUMBER_OBJECT_CONVERSION = YES_AGGRESSIVE;
				CLANG_CXX_LANGUAGE_STANDARD = "gnu++14";
				CLANG_CXX_LIBRARY = "libc++";
				CLANG_ENABLE_MODULES = YES;
				CLANG_ENABLE_OBJC_ARC = YES;
				CLANG_ENABLE_OBJC_WEAK = YES;
				CLANG_WARN_BLOCK_CAPTURE_AUTORELEASING = YES;
				CLANG_WARN_BOOL_CONVERSION = YES;
				CLANG_WARN_COMMA = YES;
				CLANG_WARN_CONSTANT_CONVERSION = YES;
				CLANG_WARN_DEPRECATED_OBJC_IMPLEMENTATIONS = YES;
				CLANG_WARN_DIRECT_OBJC_ISA_USAGE = YES_ERROR;
				CLANG_WARN_DOCUMENTATION_COMMENTS = YES;
				CLANG_WARN_EMPTY_BODY = YES;
				CLANG_WARN_ENUM_CONVERSION = YES;
				CLANG_WARN_INFINITE_RECURSION = YES;
				CLANG_WARN_INT_CONVERSION = YES;
				CLANG_WARN_NON_LITERAL_NULL_CONVERSION = YES;
				CLANG_WARN_OBJC_IMPLICIT_RETAIN_SELF = YES;
				CLANG_WARN_OBJC_LITERAL_CONVERSION = YES;
				CLANG_WARN_OBJC_ROOT_CLASS = YES_ERROR;
				CLANG_WARN_QUOTED_INCLUDE_IN_FRAMEWORK_HEADER = YES;
				CLANG_WARN_RANGE_LOOP_ANALYSIS = YES;
				CLANG_WARN_STRICT_PROTOTYPES = YES;
				CLANG_WARN_SUSPICIOUS_MOVE = YES;
				CLANG_WARN_UNGUARDED_AVAILABILITY = YES_AGGRESSIVE;
				CLANG_WARN_UNREACHABLE_CODE = YES;
				CLANG_WARN__DUPLICATE_METHOD_MATCH = YES;
				COPY_PHASE_STRIP = NO;
				DEBUG_INFORMATION_FORMAT = dwarf;
				ENABLE_STRICT_OBJC_MSGSEND = YES;
				ENABLE_TESTABILITY = YES;
				GCC_C_LANGUAGE_STANDARD = gnu11;
				GCC_DYNAMIC_NO_PIC = NO;
				GCC_NO_COMMON_BLOCKS = YES;
				GCC_OPTIMIZATION_LEVEL = 0;
				GCC_PREPROCESSOR_DEFINITIONS = (
					"DEBUG=1",
					"$(inherited)",
				);
				GCC_WARN_64_TO_32_BIT_CONVERSION = YES;
				GCC_WARN_ABOUT_RETURN_TYPE = YES_ERROR;
				GCC_WARN_UNDECLARED_SELECTOR = YES;
				GCC_WARN_UNINITIALIZED_AUTOS = YES_AGGRESSIVE;
				GCC_WARN_UNUSED_FUNCTION = YES;
				GCC_WARN_UNUSED_VARIABLE = YES;
				IPHONEOS_DEPLOYMENT_TARGET = 14.4;
				MTL_ENABLE_DEBUG_INFO = INCLUDE_SOURCE;
				MTL_FAST_MATH = YES;
				ONLY_ACTIVE_ARCH = YES;
				SDKROOT = iphoneos;
				SWIFT_ACTIVE_COMPILATION_CONDITIONS = DEBUG;
				SWIFT_OPTIMIZATION_LEVEL = "-Onone";
			};
			name = Debug;
		};
		648C863F2609D96200467652 /* Release */ = {
			isa = XCBuildConfiguration;
			buildSettings = {
				ALWAYS_SEARCH_USER_PATHS = NO;
				CLANG_ANALYZER_NONNULL = YES;
				CLANG_ANALYZER_NUMBER_OBJECT_CONVERSION = YES_AGGRESSIVE;
				CLANG_CXX_LANGUAGE_STANDARD = "gnu++14";
				CLANG_CXX_LIBRARY = "libc++";
				CLANG_ENABLE_MODULES = YES;
				CLANG_ENABLE_OBJC_ARC = YES;
				CLANG_ENABLE_OBJC_WEAK = YES;
				CLANG_WARN_BLOCK_CAPTURE_AUTORELEASING = YES;
				CLANG_WARN_BOOL_CONVERSION = YES;
				CLANG_WARN_COMMA = YES;
				CLANG_WARN_CONSTANT_CONVERSION = YES;
				CLANG_WARN_DEPRECATED_OBJC_IMPLEMENTATIONS = YES;
				CLANG_WARN_DIRECT_OBJC_ISA_USAGE = YES_ERROR;
				CLANG_WARN_DOCUMENTATION_COMMENTS = YES;
				CLANG_WARN_EMPTY_BODY = YES;
				CLANG_WARN_ENUM_CONVERSION = YES;
				CLANG_WARN_INFINITE_RECURSION = YES;
				CLANG_WARN_INT_CONVERSION = YES;
				CLANG_WARN_NON_LITERAL_NULL_CONVERSION = YES;
				CLANG_WARN_OBJC_IMPLICIT_RETAIN_SELF = YES;
				CLANG_WARN_OBJC_LITERAL_CONVERSION = YES;
				CLANG_WARN_OBJC_ROOT_CLASS = YES_ERROR;
				CLANG_WARN_QUOTED_INCLUDE_IN_FRAMEWORK_HEADER = YES;
				CLANG_WARN_RANGE_LOOP_ANALYSIS = YES;
				CLANG_WARN_STRICT_PROTOTYPES = YES;
				CLANG_WARN_SUSPICIOUS_MOVE = YES;
				CLANG_WARN_UNGUARDED_AVAILABILITY = YES_AGGRESSIVE;
				CLANG_WARN_UNREACHABLE_CODE = YES;
				CLANG_WARN__DUPLICATE_METHOD_MATCH = YES;
				COPY_PHASE_STRIP = NO;
				DEBUG_INFORMATION_FORMAT = "dwarf-with-dsym";
				ENABLE_NS_ASSERTIONS = NO;
				ENABLE_STRICT_OBJC_MSGSEND = YES;
				GCC_C_LANGUAGE_STANDARD = gnu11;
				GCC_NO_COMMON_BLOCKS = YES;
				GCC_WARN_64_TO_32_BIT_CONVERSION = YES;
				GCC_WARN_ABOUT_RETURN_TYPE = YES_ERROR;
				GCC_WARN_UNDECLARED_SELECTOR = YES;
				GCC_WARN_UNINITIALIZED_AUTOS = YES_AGGRESSIVE;
				GCC_WARN_UNUSED_FUNCTION = YES;
				GCC_WARN_UNUSED_VARIABLE = YES;
				IPHONEOS_DEPLOYMENT_TARGET = 14.4;
				MTL_ENABLE_DEBUG_INFO = NO;
				MTL_FAST_MATH = YES;
				SDKROOT = iphoneos;
				SWIFT_COMPILATION_MODE = wholemodule;
				SWIFT_OPTIMIZATION_LEVEL = "-O";
				VALIDATE_PRODUCT = YES;
			};
			name = Release;
		};
		648C86412609D96200467652 /* Debug */ = {
			isa = XCBuildConfiguration;
			buildSettings = {
				ASSETCATALOG_COMPILER_APPICON_NAME = AppIcon;
				ASSETCATALOG_COMPILER_GLOBAL_ACCENT_COLOR_NAME = AccentColor;
				CODE_SIGN_STYLE = Automatic;
				DEVELOPMENT_TEAM = AS7TLRBE8A;
				INFOPLIST_FILE = FirstSwiftDemo/Info.plist;
				LD_RUNPATH_SEARCH_PATHS = (
					"$(inherited)",
					"@executable_path/Frameworks",
				);
				PRODUCT_BUNDLE_IDENTIFIER = "-23.FirstSwiftDemo";
				PRODUCT_NAME = "$(TARGET_NAME)";
				SWIFT_VERSION = 5.0;
				TARGETED_DEVICE_FAMILY = "1,2";
			};
			name = Debug;
		};
		648C86422609D96200467652 /* Release */ = {
			isa = XCBuildConfiguration;
			buildSettings = {
				ASSETCATALOG_COMPILER_APPICON_NAME = AppIcon;
				ASSETCATALOG_COMPILER_GLOBAL_ACCENT_COLOR_NAME = AccentColor;
				CODE_SIGN_STYLE = Automatic;
				DEVELOPMENT_TEAM = AS7TLRBE8A;
				INFOPLIST_FILE = FirstSwiftDemo/Info.plist;
				LD_RUNPATH_SEARCH_PATHS = (
					"$(inherited)",
					"@executable_path/Frameworks",
				);
				PRODUCT_BUNDLE_IDENTIFIER = "-23.FirstSwiftDemo";
				PRODUCT_NAME = "$(TARGET_NAME)";
				SWIFT_VERSION = 5.0;
				TARGETED_DEVICE_FAMILY = "1,2";
			};
			name = Release;
		};
/* End XCBuildConfiguration section */

/* Begin XCConfigurationList section */
		648C86272609D96100467652 /* Build configuration list for PBXProject "FirstSwiftDemo" */ = {
			isa = XCConfigurationList;
			buildConfigurations = (
				648C863E2609D96200467652 /* Debug */,
				648C863F2609D96200467652 /* Release */,
			);
			defaultConfigurationIsVisible = 0;
			defaultConfigurationName = Release;
		};
		648C86402609D96200467652 /* Build configuration list for PBXNativeTarget "FirstSwiftDemo" */ = {
			isa = XCConfigurationList;
			buildConfigurations = (
				648C86412609D96200467652 /* Debug */,
				648C86422609D96200467652 /* Release */,
			);
			defaultConfigurationIsVisible = 0;
			defaultConfigurationName = Release;
		};
/* End XCConfigurationList section */
	};
	rootObject = 648C86242609D96100467652 /* Project object */;
}
